
Microsoft Visual Studio Solution File, Format Version 12.00
# Visual Studio 15
VisualStudioVersion = 15.0.27428.2037
MinimumVisualStudioVersion = 10.0.40219.1
Project("{FAE04EC0-301F-11D3-BF4B-00C04F79EFBC}") = "ucmsapi", "ucmsapi\ucmsapi.csproj", "{1A0B6869-43B9-407F-98D9-F5CF366DA838}"
EndProject
Global
	GlobalSection(SolutionConfigurationPlatforms) = preSolution
		Debug|Any CPU = Debug|Any CPU
		Release|Any CPU = Release|Any CPU
	EndGlobalSection
	GlobalSection(ProjectConfigurationPlatforms) = postSolution
		{1A0B6869-43B9-407F-98D9-F5CF366DA838}.Debug|Any CPU.ActiveCfg = Debug|Any CPU
		{1A0B6869-43B9-407F-98D9-F5CF366DA838}.Debug|Any CPU.Build.0 = Debug|Any CPU
		{1A0B6869-43B9-407F-98D9-F5CF366DA838}.Release|Any CPU.ActiveCfg = Release|Any CPU
		{1A0B6869-43B9-407F-98D9-F5CF366DA838}.Release|Any CPU.Build.0 = Release|Any CPU
	EndGlobalSection
	GlobalSection(SolutionProperties) = preSolution
		HideSolutionNode = FALSE
	EndGlobalSection
	GlobalSection(ExtensibilityGlobals) = postSolution
		SolutionGuid = {E56DCF72-C72B-4290-AE48-01DEC16DFCEE}
	EndGlobalSection
EndGlobal
